
Microsoft Visual Studio Solution File, Format Version 12.00
# Visual Studio 15
VisualStudioVersion = 15.0.27130.2020
MinimumVisualStudioVersion = 10.0.40219.1
Project("{FAE04EC0-301F-11D3-BF4B-00C04F79EFBC}") = "CapaModelo", "CapaDatos\CapaModelo.csproj", "{CA5B24B1-4636-4614-82C4-59ADAABCFF86}"
EndProject
Project("{FAE04EC0-301F-11D3-BF4B-00C04F79EFBC}") = "CapaControlador", "CapaNegocios\CapaControlador.csproj", "{DE2DD1ED-0F66-4012-B7CF-8DFA7CB663EE}"
EndProject
Project("{FAE04EC0-301F-11D3-BF4B-00C04F79EFBC}") = "CapaPresentacion", "CapaPresentacion\CapaPresentacion.csproj", "{6C7652B5-9060-4F66-9E37-C824A79E92D6}"
EndProject
Global
	GlobalSection(SolutionConfigurationPlatforms) = preSolution
		Debug|Any CPU = Debug|Any CPU
		Release|Any CPU = Release|Any CPU
	EndGlobalSection
	GlobalSection(ProjectConfigurationPlatforms) = postSolution
		{CA5B24B1-4636-4614-82C4-59ADAABCFF86}.Debug|Any CPU.ActiveCfg = Debug|Any CPU
		{CA5B24B1-4636-4614-82C4-59ADAABCFF86}.Debug|Any CPU.Build.0 = Debug|Any CPU
		{CA5B24B1-4636-4614-82C4-59ADAABCFF86}.Release|Any CPU.ActiveCfg = Release|Any CPU
		{CA5B24B1-4636-4614-82C4-59ADAABCFF86}.Release|Any CPU.Build.0 = Release|Any CPU
		{DE2DD1ED-0F66-4012-B7CF-8DFA7CB663EE}.Debug|Any CPU.ActiveCfg = Debug|Any CPU
		{DE2DD1ED-0F66-4012-B7CF-8DFA7CB663EE}.Debug|Any CPU.Build.0 = Debug|Any CPU
		{DE2DD1ED-0F66-4012-B7CF-8DFA7CB663EE}.Release|Any CPU.ActiveCfg = Release|Any CPU
		{DE2DD1ED-0F66-4012-B7CF-8DFA7CB663EE}.Release|Any CPU.Build.0 = Release|Any CPU
		{6C7652B5-9060-4F66-9E37-C824A79E92D6}.Debug|Any CPU.ActiveCfg = Debug|Any CPU
		{6C7652B5-9060-4F66-9E37-C824A79E92D6}.Debug|Any CPU.Build.0 = Debug|Any CPU
		{6C7652B5-9060-4F66-9E37-C824A79E92D6}.Release|Any CPU.ActiveCfg = Release|Any CPU
		{6C7652B5-9060-4F66-9E37-C824A79E92D6}.Release|Any CPU.Build.0 = Release|Any CPU
	EndGlobalSection
	GlobalSection(SolutionProperties) = preSolution
		HideSolutionNode = FALSE
	EndGlobalSection
	GlobalSection(ExtensibilityGlobals) = postSolution
		SolutionGuid = {21E06DDC-CEBB-4F29-B956-F664D0E99E8F}
	EndGlobalSection
EndGlobal
